// !$*UTF8*$!
{
	archiveVersion = 1;
	classes = {
	};
	objectVersion = 56;
	objects = {

/* Begin PBXBuildFile section */
		50C9105D23F4DB446E94FCA7 /* Pods_training.framework in Frameworks */ = {isa = PBXBuildFile; fileRef = B9062397234554A2C4D1BE48 /* Pods_training.framework */; };
		592EB153082DE4CDEF42969C /* Pods_TrainingTests.framework in Frameworks */ = {isa = PBXBuildFile; fileRef = AA882B2B9F5D005F600BD4FD /* Pods_TrainingTests.framework */; };
		630EBFBD29814311002DDF22 /* MovieListViewController.swift in Sources */ = {isa = PBXBuildFile; fileRef = 630EBFBB29814311002DDF22 /* MovieListViewController.swift */; };
		630EBFBE29814311002DDF22 /* MovieListViewController.xib in Resources */ = {isa = PBXBuildFile; fileRef = 630EBFBC29814311002DDF22 /* MovieListViewController.xib */; };
		6324FDEE298BB83D007F1081 /* SDWebImage in Frameworks */ = {isa = PBXBuildFile; productRef = 6324FDED298BB83D007F1081 /* SDWebImage */; };
		6324FDF0298BB843007F1081 /* Swinject in Frameworks */ = {isa = PBXBuildFile; productRef = 6324FDEF298BB843007F1081 /* Swinject */; };
		633E3C2C298817E900A37523 /* Constants.swift in Sources */ = {isa = PBXBuildFile; fileRef = 633E3C2B298817E900A37523 /* Constants.swift */; };
		633E3C2E2988285200A37523 /* GetMoviesMockService.json in Resources */ = {isa = PBXBuildFile; fileRef = 633E3C2D2988285200A37523 /* GetMoviesMockService.json */; };
		6341E63629812E63005D4E36 /* MovieDetailViewController.swift in Sources */ = {isa = PBXBuildFile; fileRef = 6341E63429812E63005D4E36 /* MovieDetailViewController.swift */; };
		6341E63729812E63005D4E36 /* MovieDetailViewController.xib in Resources */ = {isa = PBXBuildFile; fileRef = 6341E63529812E63005D4E36 /* MovieDetailViewController.xib */; };
		63451AB8298801CC002D54C9 /* AppConfiguration.swift in Sources */ = {isa = PBXBuildFile; fileRef = 63451AB7298801CC002D54C9 /* AppConfiguration.swift */; };
		634BD4322989175900BA4FE1 /* GetMoviesEmptyMockService.json in Resources */ = {isa = PBXBuildFile; fileRef = 634BD4312989175900BA4FE1 /* GetMoviesEmptyMockService.json */; };
		634BD43429891FD700BA4FE1 /* ViewModeling.swift in Sources */ = {isa = PBXBuildFile; fileRef = 634BD43329891FD700BA4FE1 /* ViewModeling.swift */; };
		6398AE5B2983C4B00033514F /* ViewControllerProvider.swift in Sources */ = {isa = PBXBuildFile; fileRef = 6398AE5A2983C4B00033514F /* ViewControllerProvider.swift */; };
		63BAB14C2982C66700EEE949 /* MovieDetailViewModel.swift in Sources */ = {isa = PBXBuildFile; fileRef = 63BAB14B2982C66700EEE949 /* MovieDetailViewModel.swift */; };
		63BAB14F2982DC3700EEE949 /* Swinject in Frameworks */ = {isa = PBXBuildFile; productRef = 63BAB14E2982DC3700EEE949 /* Swinject */; };
		63C60FE32981782C00FC011E /* MovieListViewModel.swift in Sources */ = {isa = PBXBuildFile; fileRef = 63C60FE22981782C00FC011E /* MovieListViewModel.swift */; };
		63C60FE52981813B00FC011E /* Localizable.strings in Resources */ = {isa = PBXBuildFile; fileRef = 63C60FE42981813B00FC011E /* Localizable.strings */; };
		63CBE3AF2987B5DB0012F15A /* Assembly.swift in Sources */ = {isa = PBXBuildFile; fileRef = 63CBE3AE2987B5DB0012F15A /* Assembly.swift */; };
		63D0CB4A298BB0E900B5DE53 /* TrainingTests.swift in Sources */ = {isa = PBXBuildFile; fileRef = 63D0CB49298BB0E900B5DE53 /* TrainingTests.swift */; };
		63D1AF8B298C02B400FE8DA9 /* GetMoviesNilMockService.json in Resources */ = {isa = PBXBuildFile; fileRef = 63D1AF8A298C02B400FE8DA9 /* GetMoviesNilMockService.json */; };
		63FC0AE1297ECCCB00DE78BA /* AppDelegate.swift in Sources */ = {isa = PBXBuildFile; fileRef = 63FC0AE0297ECCCB00DE78BA /* AppDelegate.swift */; };
		63FC0AE3297ECCCB00DE78BA /* SceneDelegate.swift in Sources */ = {isa = PBXBuildFile; fileRef = 63FC0AE2297ECCCB00DE78BA /* SceneDelegate.swift */; };
		63FC0AEA297ECCCD00DE78BA /* Assets.xcassets in Resources */ = {isa = PBXBuildFile; fileRef = 63FC0AE9297ECCCD00DE78BA /* Assets.xcassets */; };
		63FC0AED297ECCCD00DE78BA /* LaunchScreen.storyboard in Resources */ = {isa = PBXBuildFile; fileRef = 63FC0AEB297ECCCD00DE78BA /* LaunchScreen.storyboard */; };
		63FC0B14297ECE0500DE78BA /* Service.swift in Sources */ = {isa = PBXBuildFile; fileRef = 63FC0B13297ECE0500DE78BA /* Service.swift */; };
		63FC0B1B297EDFF200DE78BA /* MoviesResults.swift in Sources */ = {isa = PBXBuildFile; fileRef = 63FC0B1A297EDFF200DE78BA /* MoviesResults.swift */; };
		63FC0B1E297EE54900DE78BA /* SDWebImage in Frameworks */ = {isa = PBXBuildFile; productRef = 63FC0B1D297EE54900DE78BA /* SDWebImage */; };
		63FC0B21297EEBC300DE78BA /* MoviesTableViewCell.swift in Sources */ = {isa = PBXBuildFile; fileRef = 63FC0B1F297EEBC300DE78BA /* MoviesTableViewCell.swift */; };
		63FC0B22297EEBC300DE78BA /* MoviesTableViewCell.xib in Resources */ = {isa = PBXBuildFile; fileRef = 63FC0B20297EEBC300DE78BA /* MoviesTableViewCell.xib */; };
/* End PBXBuildFile section */

/* Begin PBXContainerItemProxy section */
		63D0CB4B298BB0E900B5DE53 /* PBXContainerItemProxy */ = {
			isa = PBXContainerItemProxy;
			containerPortal = 63FC0AD5297ECCCB00DE78BA /* Project object */;
			proxyType = 1;
			remoteGlobalIDString = 63FC0ADC297ECCCB00DE78BA;
			remoteInfo = training;
		};
		63FC0AFE297ECCCD00DE78BA /* PBXContainerItemProxy */ = {
			isa = PBXContainerItemProxy;
			containerPortal = 63FC0AD5297ECCCB00DE78BA /* Project object */;
			proxyType = 1;
			remoteGlobalIDString = 63FC0ADC297ECCCB00DE78BA;
			remoteInfo = training;
		};
/* End PBXContainerItemProxy section */

/* Begin PBXFileReference section */
		3DE8E4C5D7945363A122F27E /* Pods-training.release.xcconfig */ = {isa = PBXFileReference; includeInIndex = 1; lastKnownFileType = text.xcconfig; name = "Pods-training.release.xcconfig"; path = "Target Support Files/Pods-training/Pods-training.release.xcconfig"; sourceTree = "<group>"; };
		630EBFBB29814311002DDF22 /* MovieListViewController.swift */ = {isa = PBXFileReference; lastKnownFileType = sourcecode.swift; path = MovieListViewController.swift; sourceTree = "<group>"; };
		630EBFBC29814311002DDF22 /* MovieListViewController.xib */ = {isa = PBXFileReference; lastKnownFileType = file.xib; path = MovieListViewController.xib; sourceTree = "<group>"; };
		633E3C2B298817E900A37523 /* Constants.swift */ = {isa = PBXFileReference; lastKnownFileType = sourcecode.swift; path = Constants.swift; sourceTree = "<group>"; };
		633E3C2D2988285200A37523 /* GetMoviesMockService.json */ = {isa = PBXFileReference; lastKnownFileType = text.json; path = GetMoviesMockService.json; sourceTree = "<group>"; };
		6341E63429812E63005D4E36 /* MovieDetailViewController.swift */ = {isa = PBXFileReference; lastKnownFileType = sourcecode.swift; path = MovieDetailViewController.swift; sourceTree = "<group>"; };
		6341E63529812E63005D4E36 /* MovieDetailViewController.xib */ = {isa = PBXFileReference; lastKnownFileType = file.xib; path = MovieDetailViewController.xib; sourceTree = "<group>"; };
		63451AB7298801CC002D54C9 /* AppConfiguration.swift */ = {isa = PBXFileReference; lastKnownFileType = sourcecode.swift; path = AppConfiguration.swift; sourceTree = "<group>"; };
		634BD4312989175900BA4FE1 /* GetMoviesEmptyMockService.json */ = {isa = PBXFileReference; lastKnownFileType = text.json; path = GetMoviesEmptyMockService.json; sourceTree = "<group>"; };
		634BD43329891FD700BA4FE1 /* ViewModeling.swift */ = {isa = PBXFileReference; lastKnownFileType = sourcecode.swift; path = ViewModeling.swift; sourceTree = "<group>"; };
		6398AE5A2983C4B00033514F /* ViewControllerProvider.swift */ = {isa = PBXFileReference; lastKnownFileType = sourcecode.swift; path = ViewControllerProvider.swift; sourceTree = "<group>"; };
		63BAB14B2982C66700EEE949 /* MovieDetailViewModel.swift */ = {isa = PBXFileReference; lastKnownFileType = sourcecode.swift; path = MovieDetailViewModel.swift; sourceTree = "<group>"; };
		63C60FE22981782C00FC011E /* MovieListViewModel.swift */ = {isa = PBXFileReference; lastKnownFileType = sourcecode.swift; path = MovieListViewModel.swift; sourceTree = "<group>"; };
		63C60FE42981813B00FC011E /* Localizable.strings */ = {isa = PBXFileReference; lastKnownFileType = text.plist.strings; path = Localizable.strings; sourceTree = "<group>"; };
		63CBE3AE2987B5DB0012F15A /* Assembly.swift */ = {isa = PBXFileReference; lastKnownFileType = sourcecode.swift; path = Assembly.swift; sourceTree = "<group>"; };
		63D0CB47298BB0E900B5DE53 /* TrainingTests.xctest */ = {isa = PBXFileReference; explicitFileType = wrapper.cfbundle; includeInIndex = 0; path = TrainingTests.xctest; sourceTree = BUILT_PRODUCTS_DIR; };
		63D0CB49298BB0E900B5DE53 /* TrainingTests.swift */ = {isa = PBXFileReference; lastKnownFileType = sourcecode.swift; path = TrainingTests.swift; sourceTree = "<group>"; };
		63D1AF8A298C02B400FE8DA9 /* GetMoviesNilMockService.json */ = {isa = PBXFileReference; lastKnownFileType = text.json; path = GetMoviesNilMockService.json; sourceTree = "<group>"; };
		63FC0ADD297ECCCB00DE78BA /* training.app */ = {isa = PBXFileReference; explicitFileType = wrapper.application; includeInIndex = 0; path = training.app; sourceTree = BUILT_PRODUCTS_DIR; };
		63FC0AE0297ECCCB00DE78BA /* AppDelegate.swift */ = {isa = PBXFileReference; lastKnownFileType = sourcecode.swift; path = AppDelegate.swift; sourceTree = "<group>"; };
		63FC0AE2297ECCCB00DE78BA /* SceneDelegate.swift */ = {isa = PBXFileReference; lastKnownFileType = sourcecode.swift; path = SceneDelegate.swift; sourceTree = "<group>"; };
		63FC0AE9297ECCCD00DE78BA /* Assets.xcassets */ = {isa = PBXFileReference; lastKnownFileType = folder.assetcatalog; path = Assets.xcassets; sourceTree = "<group>"; };
		63FC0AEC297ECCCD00DE78BA /* Base */ = {isa = PBXFileReference; lastKnownFileType = file.storyboard; name = Base; path = Base.lproj/LaunchScreen.storyboard; sourceTree = "<group>"; };
		63FC0AEE297ECCCD00DE78BA /* Info.plist */ = {isa = PBXFileReference; lastKnownFileType = text.plist.xml; path = Info.plist; sourceTree = "<group>"; };
		63FC0AFD297ECCCD00DE78BA /* trainingUITests.xctest */ = {isa = PBXFileReference; explicitFileType = wrapper.cfbundle; includeInIndex = 0; path = trainingUITests.xctest; sourceTree = BUILT_PRODUCTS_DIR; };
		63FC0B13297ECE0500DE78BA /* Service.swift */ = {isa = PBXFileReference; lastKnownFileType = sourcecode.swift; path = Service.swift; sourceTree = "<group>"; };
		63FC0B1A297EDFF200DE78BA /* MoviesResults.swift */ = {isa = PBXFileReference; lastKnownFileType = sourcecode.swift; path = MoviesResults.swift; sourceTree = "<group>"; };
		63FC0B1F297EEBC300DE78BA /* MoviesTableViewCell.swift */ = {isa = PBXFileReference; lastKnownFileType = sourcecode.swift; path = MoviesTableViewCell.swift; sourceTree = "<group>"; };
		63FC0B20297EEBC300DE78BA /* MoviesTableViewCell.xib */ = {isa = PBXFileReference; lastKnownFileType = file.xib; path = MoviesTableViewCell.xib; sourceTree = "<group>"; };
		76031BAF0377AD39240D2B18 /* Pods-TrainingTests.debug.xcconfig */ = {isa = PBXFileReference; includeInIndex = 1; lastKnownFileType = text.xcconfig; name = "Pods-TrainingTests.debug.xcconfig"; path = "Target Support Files/Pods-TrainingTests/Pods-TrainingTests.debug.xcconfig"; sourceTree = "<group>"; };
		AA882B2B9F5D005F600BD4FD /* Pods_TrainingTests.framework */ = {isa = PBXFileReference; explicitFileType = wrapper.framework; includeInIndex = 0; path = Pods_TrainingTests.framework; sourceTree = BUILT_PRODUCTS_DIR; };
		B9062397234554A2C4D1BE48 /* Pods_training.framework */ = {isa = PBXFileReference; explicitFileType = wrapper.framework; includeInIndex = 0; path = Pods_training.framework; sourceTree = BUILT_PRODUCTS_DIR; };
		C58C7C80E51CA8E206B0415A /* Pods-training.debug.xcconfig */ = {isa = PBXFileReference; includeInIndex = 1; lastKnownFileType = text.xcconfig; name = "Pods-training.debug.xcconfig"; path = "Target Support Files/Pods-training/Pods-training.debug.xcconfig"; sourceTree = "<group>"; };
		E56C9F67DCA75CEECB886C48 /* Pods-TrainingTests.release.xcconfig */ = {isa = PBXFileReference; includeInIndex = 1; lastKnownFileType = text.xcconfig; name = "Pods-TrainingTests.release.xcconfig"; path = "Target Support Files/Pods-TrainingTests/Pods-TrainingTests.release.xcconfig"; sourceTree = "<group>"; };
/* End PBXFileReference section */

/* Begin PBXFrameworksBuildPhase section */
		63D0CB44298BB0E900B5DE53 /* Frameworks */ = {
			isa = PBXFrameworksBuildPhase;
			buildActionMask = 2147483647;
			files = (
				6324FDEE298BB83D007F1081 /* SDWebImage in Frameworks */,
				592EB153082DE4CDEF42969C /* Pods_TrainingTests.framework in Frameworks */,
				6324FDF0298BB843007F1081 /* Swinject in Frameworks */,
			);
			runOnlyForDeploymentPostprocessing = 0;
		};
		63FC0ADA297ECCCB00DE78BA /* Frameworks */ = {
			isa = PBXFrameworksBuildPhase;
			buildActionMask = 2147483647;
			files = (
				63FC0B1E297EE54900DE78BA /* SDWebImage in Frameworks */,
				63BAB14F2982DC3700EEE949 /* Swinject in Frameworks */,
				50C9105D23F4DB446E94FCA7 /* Pods_training.framework in Frameworks */,
			);
			runOnlyForDeploymentPostprocessing = 0;
		};
		63FC0AFA297ECCCD00DE78BA /* Frameworks */ = {
			isa = PBXFrameworksBuildPhase;
			buildActionMask = 2147483647;
			files = (
			);
			runOnlyForDeploymentPostprocessing = 0;
		};
/* End PBXFrameworksBuildPhase section */

/* Begin PBXGroup section */
		18DC39FD5974DE090F9F792D /* Pods */ = {
			isa = PBXGroup;
			children = (
				76031BAF0377AD39240D2B18 /* Pods-TrainingTests.debug.xcconfig */,
				E56C9F67DCA75CEECB886C48 /* Pods-TrainingTests.release.xcconfig */,
				C58C7C80E51CA8E206B0415A /* Pods-training.debug.xcconfig */,
				3DE8E4C5D7945363A122F27E /* Pods-training.release.xcconfig */,
			);
			path = Pods;
			sourceTree = "<group>";
		};
		638BFFDD29896AD500E096AA /* Frameworks */ = {
			isa = PBXGroup;
			children = (
				AA882B2B9F5D005F600BD4FD /* Pods_TrainingTests.framework */,
				B9062397234554A2C4D1BE48 /* Pods_training.framework */,
			);
			name = Frameworks;
			sourceTree = "<group>";
		};
		63C60FE62981887E00FC011E /* ViewModel */ = {
			isa = PBXGroup;
			children = (
				63C60FE22981782C00FC011E /* MovieListViewModel.swift */,
				63BAB14B2982C66700EEE949 /* MovieDetailViewModel.swift */,
				634BD43329891FD700BA4FE1 /* ViewModeling.swift */,
			);
			path = ViewModel;
			sourceTree = "<group>";
		};
		63D0CB48298BB0E900B5DE53 /* TrainingTests */ = {
			isa = PBXGroup;
			children = (
				63D0CB49298BB0E900B5DE53 /* TrainingTests.swift */,
			);
			path = TrainingTests;
			sourceTree = "<group>";
		};
		63FC0AD4297ECCCB00DE78BA = {
			isa = PBXGroup;
			children = (
				63FC0ADF297ECCCB00DE78BA /* training */,
				63D0CB48298BB0E900B5DE53 /* TrainingTests */,
				63FC0ADE297ECCCB00DE78BA /* Products */,
				638BFFDD29896AD500E096AA /* Frameworks */,
				18DC39FD5974DE090F9F792D /* Pods */,
			);
			sourceTree = "<group>";
		};
		63FC0ADE297ECCCB00DE78BA /* Products */ = {
			isa = PBXGroup;
			children = (
				63FC0ADD297ECCCB00DE78BA /* training.app */,
				63FC0AFD297ECCCD00DE78BA /* trainingUITests.xctest */,
				63D0CB47298BB0E900B5DE53 /* TrainingTests.xctest */,
			);
			name = Products;
			sourceTree = "<group>";
		};
		63FC0ADF297ECCCB00DE78BA /* training */ = {
			isa = PBXGroup;
			children = (
				63FC0B11297ECD2600DE78BA /* View */,
				63C60FE62981887E00FC011E /* ViewModel */,
				63FC0B12297ECD2C00DE78BA /* Controller */,
				63FC0B10297ECD1200DE78BA /* Model */,
				63FC0AE0297ECCCB00DE78BA /* AppDelegate.swift */,
				63FC0AE2297ECCCB00DE78BA /* SceneDelegate.swift */,
				63FC0AE9297ECCCD00DE78BA /* Assets.xcassets */,
				63FC0AEE297ECCCD00DE78BA /* Info.plist */,
				63C60FE42981813B00FC011E /* Localizable.strings */,
				6398AE5A2983C4B00033514F /* ViewControllerProvider.swift */,
				63451AB7298801CC002D54C9 /* AppConfiguration.swift */,
				63CBE3AE2987B5DB0012F15A /* Assembly.swift */,
				633E3C2D2988285200A37523 /* GetMoviesMockService.json */,
				63D1AF8A298C02B400FE8DA9 /* GetMoviesNilMockService.json */,
				634BD4312989175900BA4FE1 /* GetMoviesEmptyMockService.json */,
			);
			path = training;
			sourceTree = "<group>";
		};
		63FC0B10297ECD1200DE78BA /* Model */ = {
			isa = PBXGroup;
			children = (
				63FC0B13297ECE0500DE78BA /* Service.swift */,
				63FC0B1A297EDFF200DE78BA /* MoviesResults.swift */,
				633E3C2B298817E900A37523 /* Constants.swift */,
			);
			path = Model;
			sourceTree = "<group>";
		};
		63FC0B11297ECD2600DE78BA /* View */ = {
			isa = PBXGroup;
			children = (
				630EBFBC29814311002DDF22 /* MovieListViewController.xib */,
				6341E63529812E63005D4E36 /* MovieDetailViewController.xib */,
				63FC0AEB297ECCCD00DE78BA /* LaunchScreen.storyboard */,
				63FC0B1F297EEBC300DE78BA /* MoviesTableViewCell.swift */,
				63FC0B20297EEBC300DE78BA /* MoviesTableViewCell.xib */,
			);
			path = View;
			sourceTree = "<group>";
		};
		63FC0B12297ECD2C00DE78BA /* Controller */ = {
			isa = PBXGroup;
			children = (
				6341E63429812E63005D4E36 /* MovieDetailViewController.swift */,
				630EBFBB29814311002DDF22 /* MovieListViewController.swift */,
			);
			path = Controller;
			sourceTree = "<group>";
		};
/* End PBXGroup section */

/* Begin PBXNativeTarget section */
		63D0CB46298BB0E900B5DE53 /* TrainingTests */ = {
			isa = PBXNativeTarget;
			buildConfigurationList = 63D0CB4F298BB0E900B5DE53 /* Build configuration list for PBXNativeTarget "TrainingTests" */;
			buildPhases = (
				F6980E3985CB61A9D86FF71B /* [CP] Check Pods Manifest.lock */,
				63D0CB43298BB0E900B5DE53 /* Sources */,
				63D0CB44298BB0E900B5DE53 /* Frameworks */,
				63D0CB45298BB0E900B5DE53 /* Resources */,
				A9D5D4B3DB284E9F6EB5EF75 /* [CP] Embed Pods Frameworks */,
			);
			buildRules = (
			);
			dependencies = (
				63D0CB4C298BB0E900B5DE53 /* PBXTargetDependency */,
			);
			name = TrainingTests;
			packageProductDependencies = (
				6324FDED298BB83D007F1081 /* SDWebImage */,
				6324FDEF298BB843007F1081 /* Swinject */,
			);
			productName = TrainingTests;
			productReference = 63D0CB47298BB0E900B5DE53 /* TrainingTests.xctest */;
			productType = "com.apple.product-type.bundle.unit-test";
		};
		63FC0ADC297ECCCB00DE78BA /* training */ = {
			isa = PBXNativeTarget;
			buildConfigurationList = 63FC0B07297ECCCD00DE78BA /* Build configuration list for PBXNativeTarget "training" */;
			buildPhases = (
				6518F2B08A5F3E8DF0504E53 /* [CP] Check Pods Manifest.lock */,
				63FC0AD9297ECCCB00DE78BA /* Sources */,
				63FC0ADA297ECCCB00DE78BA /* Frameworks */,
				63FC0ADB297ECCCB00DE78BA /* Resources */,
				63FC0B15297ECFA200DE78BA /* ShellScript */,
				A1F52A9D777B985317DA300F /* [CP] Embed Pods Frameworks */,
			);
			buildRules = (
			);
			dependencies = (
			);
			name = training;
			packageProductDependencies = (
				63FC0B1D297EE54900DE78BA /* SDWebImage */,
				63BAB14E2982DC3700EEE949 /* Swinject */,
			);
			productName = training;
			productReference = 63FC0ADD297ECCCB00DE78BA /* training.app */;
			productType = "com.apple.product-type.application";
		};
		63FC0AFC297ECCCD00DE78BA /* trainingUITests */ = {
			isa = PBXNativeTarget;
			buildConfigurationList = 63FC0B0D297ECCCD00DE78BA /* Build configuration list for PBXNativeTarget "trainingUITests" */;
			buildPhases = (
				63FC0AF9297ECCCD00DE78BA /* Sources */,
				63FC0AFA297ECCCD00DE78BA /* Frameworks */,
				63FC0AFB297ECCCD00DE78BA /* Resources */,
			);
			buildRules = (
			);
			dependencies = (
				63FC0AFF297ECCCD00DE78BA /* PBXTargetDependency */,
			);
			name = trainingUITests;
			productName = trainingUITests;
			productReference = 63FC0AFD297ECCCD00DE78BA /* trainingUITests.xctest */;
			productType = "com.apple.product-type.bundle.ui-testing";
		};
/* End PBXNativeTarget section */

/* Begin PBXProject section */
		63FC0AD5297ECCCB00DE78BA /* Project object */ = {
			isa = PBXProject;
			attributes = {
				BuildIndependentTargetsInParallel = 1;
				LastSwiftUpdateCheck = 1420;
				LastUpgradeCheck = 1420;
				TargetAttributes = {
					63D0CB46298BB0E900B5DE53 = {
						CreatedOnToolsVersion = 14.2;
						TestTargetID = 63FC0ADC297ECCCB00DE78BA;
					};
					63FC0ADC297ECCCB00DE78BA = {
						CreatedOnToolsVersion = 14.2;
					};
					63FC0AFC297ECCCD00DE78BA = {
						CreatedOnToolsVersion = 14.2;
						TestTargetID = 63FC0ADC297ECCCB00DE78BA;
					};
				};
			};
			buildConfigurationList = 63FC0AD8297ECCCB00DE78BA /* Build configuration list for PBXProject "training" */;
			compatibilityVersion = "Xcode 14.0";
			developmentRegion = en;
			hasScannedForEncodings = 0;
			knownRegions = (
				en,
				Base,
			);
			mainGroup = 63FC0AD4297ECCCB00DE78BA;
			packageReferences = (
				63FC0B1C297EE54900DE78BA /* XCRemoteSwiftPackageReference "SDWebImage" */,
				63BAB14D2982DC3700EEE949 /* XCRemoteSwiftPackageReference "Swinject" */,
			);
			productRefGroup = 63FC0ADE297ECCCB00DE78BA /* Products */;
			projectDirPath = "";
			projectRoot = "";
			targets = (
				63FC0ADC297ECCCB00DE78BA /* training */,
				63FC0AFC297ECCCD00DE78BA /* trainingUITests */,
				63D0CB46298BB0E900B5DE53 /* TrainingTests */,
			);
		};
/* End PBXProject section */

/* Begin PBXResourcesBuildPhase section */
		63D0CB45298BB0E900B5DE53 /* Resources */ = {
			isa = PBXResourcesBuildPhase;
			buildActionMask = 2147483647;
			files = (
			);
			runOnlyForDeploymentPostprocessing = 0;
		};
		63FC0ADB297ECCCB00DE78BA /* Resources */ = {
			isa = PBXResourcesBuildPhase;
			buildActionMask = 2147483647;
			files = (
				63FC0AED297ECCCD00DE78BA /* LaunchScreen.storyboard in Resources */,
				63D1AF8B298C02B400FE8DA9 /* GetMoviesNilMockService.json in Resources */,
				6341E63729812E63005D4E36 /* MovieDetailViewController.xib in Resources */,
				630EBFBE29814311002DDF22 /* MovieListViewController.xib in Resources */,
				63C60FE52981813B00FC011E /* Localizable.strings in Resources */,
				633E3C2E2988285200A37523 /* GetMoviesMockService.json in Resources */,
				63FC0AEA297ECCCD00DE78BA /* Assets.xcassets in Resources */,
				63FC0B22297EEBC300DE78BA /* MoviesTableViewCell.xib in Resources */,
				634BD4322989175900BA4FE1 /* GetMoviesEmptyMockService.json in Resources */,
			);
			runOnlyForDeploymentPostprocessing = 0;
		};
		63FC0AFB297ECCCD00DE78BA /* Resources */ = {
			isa = PBXResourcesBuildPhase;
			buildActionMask = 2147483647;
			files = (
			);
			runOnlyForDeploymentPostprocessing = 0;
		};
/* End PBXResourcesBuildPhase section */

/* Begin PBXShellScriptBuildPhase section */
		63FC0B15297ECFA200DE78BA /* ShellScript */ = {
			isa = PBXShellScriptBuildPhase;
			alwaysOutOfDate = 1;
			buildActionMask = 2147483647;
			files = (
			);
			inputFileListPaths = (
			);
			inputPaths = (
			);
			outputFileListPaths = (
			);
			outputPaths = (
			);
			runOnlyForDeploymentPostprocessing = 0;
			shellPath = /bin/sh;
			shellScript = "# Type a script or drag a script file from your workspace to insert its path.\nif which swiftlint > /dev/null; then\n  swiftlint\nelse\n  echo \"warning: SwiftLint not installed, download from https://github.com/realm/SwiftLint\"\nfi\n";
		};
		6518F2B08A5F3E8DF0504E53 /* [CP] Check Pods Manifest.lock */ = {
			isa = PBXShellScriptBuildPhase;
			buildActionMask = 2147483647;
			files = (
			);
			inputFileListPaths = (
			);
			inputPaths = (
				"${PODS_PODFILE_DIR_PATH}/Podfile.lock",
				"${PODS_ROOT}/Manifest.lock",
			);
			name = "[CP] Check Pods Manifest.lock";
			outputFileListPaths = (
			);
			outputPaths = (
				"$(DERIVED_FILE_DIR)/Pods-training-checkManifestLockResult.txt",
			);
			runOnlyForDeploymentPostprocessing = 0;
			shellPath = /bin/sh;
			shellScript = "diff \"${PODS_PODFILE_DIR_PATH}/Podfile.lock\" \"${PODS_ROOT}/Manifest.lock\" > /dev/null\nif [ $? != 0 ] ; then\n    # print error to STDERR\n    echo \"error: The sandbox is not in sync with the Podfile.lock. Run 'pod install' or update your CocoaPods installation.\" >&2\n    exit 1\nfi\n# This output is used by Xcode 'outputs' to avoid re-running this script phase.\necho \"SUCCESS\" > \"${SCRIPT_OUTPUT_FILE_0}\"\n";
			showEnvVarsInLog = 0;
		};
		A1F52A9D777B985317DA300F /* [CP] Embed Pods Frameworks */ = {
			isa = PBXShellScriptBuildPhase;
			buildActionMask = 2147483647;
			files = (
			);
			inputFileListPaths = (
				"${PODS_ROOT}/Target Support Files/Pods-training/Pods-training-frameworks-${CONFIGURATION}-input-files.xcfilelist",
			);
			name = "[CP] Embed Pods Frameworks";
			outputFileListPaths = (
				"${PODS_ROOT}/Target Support Files/Pods-training/Pods-training-frameworks-${CONFIGURATION}-output-files.xcfilelist",
			);
			runOnlyForDeploymentPostprocessing = 0;
			shellPath = /bin/sh;
			shellScript = "\"${PODS_ROOT}/Target Support Files/Pods-training/Pods-training-frameworks.sh\"\n";
			showEnvVarsInLog = 0;
		};
		A9D5D4B3DB284E9F6EB5EF75 /* [CP] Embed Pods Frameworks */ = {
			isa = PBXShellScriptBuildPhase;
			buildActionMask = 2147483647;
			files = (
			);
			inputFileListPaths = (
				"${PODS_ROOT}/Target Support Files/Pods-TrainingTests/Pods-TrainingTests-frameworks-${CONFIGURATION}-input-files.xcfilelist",
			);
			name = "[CP] Embed Pods Frameworks";
			outputFileListPaths = (
				"${PODS_ROOT}/Target Support Files/Pods-TrainingTests/Pods-TrainingTests-frameworks-${CONFIGURATION}-output-files.xcfilelist",
			);
			runOnlyForDeploymentPostprocessing = 0;
			shellPath = /bin/sh;
			shellScript = "\"${PODS_ROOT}/Target Support Files/Pods-TrainingTests/Pods-TrainingTests-frameworks.sh\"\n";
			showEnvVarsInLog = 0;
		};
		F6980E3985CB61A9D86FF71B /* [CP] Check Pods Manifest.lock */ = {
			isa = PBXShellScriptBuildPhase;
			buildActionMask = 2147483647;
			files = (
			);
			inputFileListPaths = (
			);
			inputPaths = (
				"${PODS_PODFILE_DIR_PATH}/Podfile.lock",
				"${PODS_ROOT}/Manifest.lock",
			);
			name = "[CP] Check Pods Manifest.lock";
			outputFileListPaths = (
			);
			outputPaths = (
				"$(DERIVED_FILE_DIR)/Pods-TrainingTests-checkManifestLockResult.txt",
			);
			runOnlyForDeploymentPostprocessing = 0;
			shellPath = /bin/sh;
			shellScript = "diff \"${PODS_PODFILE_DIR_PATH}/Podfile.lock\" \"${PODS_ROOT}/Manifest.lock\" > /dev/null\nif [ $? != 0 ] ; then\n    # print error to STDERR\n    echo \"error: The sandbox is not in sync with the Podfile.lock. Run 'pod install' or update your CocoaPods installation.\" >&2\n    exit 1\nfi\n# This output is used by Xcode 'outputs' to avoid re-running this script phase.\necho \"SUCCESS\" > \"${SCRIPT_OUTPUT_FILE_0}\"\n";
			showEnvVarsInLog = 0;
		};
/* End PBXShellScriptBuildPhase section */

/* Begin PBXSourcesBuildPhase section */
		63D0CB43298BB0E900B5DE53 /* Sources */ = {
			isa = PBXSourcesBuildPhase;
			buildActionMask = 2147483647;
			files = (
				63D0CB4A298BB0E900B5DE53 /* TrainingTests.swift in Sources */,
			);
			runOnlyForDeploymentPostprocessing = 0;
		};
		63FC0AD9297ECCCB00DE78BA /* Sources */ = {
			isa = PBXSourcesBuildPhase;
			buildActionMask = 2147483647;
			files = (
				63FC0B21297EEBC300DE78BA /* MoviesTableViewCell.swift in Sources */,
				634BD43429891FD700BA4FE1 /* ViewModeling.swift in Sources */,
				63451AB8298801CC002D54C9 /* AppConfiguration.swift in Sources */,
				63CBE3AF2987B5DB0012F15A /* Assembly.swift in Sources */,
				630EBFBD29814311002DDF22 /* MovieListViewController.swift in Sources */,
				63FC0B14297ECE0500DE78BA /* Service.swift in Sources */,
				63FC0B1B297EDFF200DE78BA /* MoviesResults.swift in Sources */,
				63FC0AE1297ECCCB00DE78BA /* AppDelegate.swift in Sources */,
				633E3C2C298817E900A37523 /* Constants.swift in Sources */,
				63BAB14C2982C66700EEE949 /* MovieDetailViewModel.swift in Sources */,
				63FC0AE3297ECCCB00DE78BA /* SceneDelegate.swift in Sources */,
				63C60FE32981782C00FC011E /* MovieListViewModel.swift in Sources */,
				6341E63629812E63005D4E36 /* MovieDetailViewController.swift in Sources */,
				6398AE5B2983C4B00033514F /* ViewControllerProvider.swift in Sources */,
			);
			runOnlyForDeploymentPostprocessing = 0;
		};
		63FC0AF9297ECCCD00DE78BA /* Sources */ = {
			isa = PBXSourcesBuildPhase;
			buildActionMask = 2147483647;
			files = (
			);
			runOnlyForDeploymentPostprocessing = 0;
		};
/* End PBXSourcesBuildPhase section */

/* Begin PBXTargetDependency section */
		63D0CB4C298BB0E900B5DE53 /* PBXTargetDependency */ = {
			isa = PBXTargetDependency;
			target = 63FC0ADC297ECCCB00DE78BA /* training */;
			targetProxy = 63D0CB4B298BB0E900B5DE53 /* PBXContainerItemProxy */;
		};
		63FC0AFF297ECCCD00DE78BA /* PBXTargetDependency */ = {
			isa = PBXTargetDependency;
			target = 63FC0ADC297ECCCB00DE78BA /* training */;
			targetProxy = 63FC0AFE297ECCCD00DE78BA /* PBXContainerItemProxy */;
		};
/* End PBXTargetDependency section */

/* Begin PBXVariantGroup section */
		63FC0AEB297ECCCD00DE78BA /* LaunchScreen.storyboard */ = {
			isa = PBXVariantGroup;
			children = (
				63FC0AEC297ECCCD00DE78BA /* Base */,
			);
			name = LaunchScreen.storyboard;
			sourceTree = "<group>";
		};
/* End PBXVariantGroup section */

/* Begin XCBuildConfiguration section */
		63D0CB4D298BB0E900B5DE53 /* Debug */ = {
			isa = XCBuildConfiguration;
			baseConfigurationReference = 76031BAF0377AD39240D2B18 /* Pods-TrainingTests.debug.xcconfig */;
			buildSettings = {
				BUNDLE_LOADER = "$(TEST_HOST)";
				CODE_SIGN_STYLE = Automatic;
				CURRENT_PROJECT_VERSION = 1;
				DEVELOPMENT_TEAM = TLQ3VSD323;
				GENERATE_INFOPLIST_FILE = YES;
				MARKETING_VERSION = 1.0;
				PRODUCT_BUNDLE_IDENTIFIER = rx.TrainingTests;
				PRODUCT_NAME = "$(TARGET_NAME)";
				SWIFT_EMIT_LOC_STRINGS = NO;
				SWIFT_VERSION = 5.0;
				TARGETED_DEVICE_FAMILY = "1,2";
				TEST_HOST = "$(BUILT_PRODUCTS_DIR)/training.app/$(BUNDLE_EXECUTABLE_FOLDER_PATH)/training";
			};
			name = Debug;
		};
		63D0CB4E298BB0E900B5DE53 /* Release */ = {
			isa = XCBuildConfiguration;
			baseConfigurationReference = E56C9F67DCA75CEECB886C48 /* Pods-TrainingTests.release.xcconfig */;
			buildSettings = {
				BUNDLE_LOADER = "$(TEST_HOST)";
				CODE_SIGN_STYLE = Automatic;
				CURRENT_PROJECT_VERSION = 1;
				DEVELOPMENT_TEAM = TLQ3VSD323;
				GENERATE_INFOPLIST_FILE = YES;
				MARKETING_VERSION = 1.0;
				PRODUCT_BUNDLE_IDENTIFIER = rx.TrainingTests;
				PRODUCT_NAME = "$(TARGET_NAME)";
				SWIFT_EMIT_LOC_STRINGS = NO;
				SWIFT_VERSION = 5.0;
				TARGETED_DEVICE_FAMILY = "1,2";
				TEST_HOST = "$(BUILT_PRODUCTS_DIR)/training.app/$(BUNDLE_EXECUTABLE_FOLDER_PATH)/training";
			};
			name = Release;
		};
		63FC0B05297ECCCD00DE78BA /* Debug */ = {
			isa = XCBuildConfiguration;
			buildSettings = {
				ALWAYS_SEARCH_USER_PATHS = NO;
				CLANG_ANALYZER_NONNULL = YES;
				CLANG_ANALYZER_NUMBER_OBJECT_CONVERSION = YES_AGGRESSIVE;
				CLANG_CXX_LANGUAGE_STANDARD = "gnu++20";
				CLANG_ENABLE_MODULES = YES;
				CLANG_ENABLE_OBJC_ARC = YES;
				CLANG_ENABLE_OBJC_WEAK = YES;
				CLANG_WARN_BLOCK_CAPTURE_AUTORELEASING = YES;
				CLANG_WARN_BOOL_CONVERSION = YES;
				CLANG_WARN_COMMA = YES;
				CLANG_WARN_CONSTANT_CONVERSION = YES;
				CLANG_WARN_DEPRECATED_OBJC_IMPLEMENTATIONS = YES;
				CLANG_WARN_DIRECT_OBJC_ISA_USAGE = YES_ERROR;
				CLANG_WARN_DOCUMENTATION_COMMENTS = YES;
				CLANG_WARN_EMPTY_BODY = YES;
				CLANG_WARN_ENUM_CONVERSION = YES;
				CLANG_WARN_INFINITE_RECURSION = YES;
				CLANG_WARN_INT_CONVERSION = YES;
				CLANG_WARN_NON_LITERAL_NULL_CONVERSION = YES;
				CLANG_WARN_OBJC_IMPLICIT_RETAIN_SELF = YES;
				CLANG_WARN_OBJC_LITERAL_CONVERSION = YES;
				CLANG_WARN_OBJC_ROOT_CLASS = YES_ERROR;
				CLANG_WARN_QUOTED_INCLUDE_IN_FRAMEWORK_HEADER = YES;
				CLANG_WARN_RANGE_LOOP_ANALYSIS = YES;
				CLANG_WARN_STRICT_PROTOTYPES = YES;
				CLANG_WARN_SUSPICIOUS_MOVE = YES;
				CLANG_WARN_UNGUARDED_AVAILABILITY = YES_AGGRESSIVE;
				CLANG_WARN_UNREACHABLE_CODE = YES;
				CLANG_WARN__DUPLICATE_METHOD_MATCH = YES;
				COPY_PHASE_STRIP = NO;
				DEBUG_INFORMATION_FORMAT = dwarf;
				ENABLE_STRICT_OBJC_MSGSEND = YES;
				ENABLE_TESTABILITY = YES;
				GCC_C_LANGUAGE_STANDARD = gnu11;
				GCC_DYNAMIC_NO_PIC = NO;
				GCC_NO_COMMON_BLOCKS = YES;
				GCC_OPTIMIZATION_LEVEL = 0;
				GCC_PREPROCESSOR_DEFINITIONS = (
					"DEBUG=1",
					"$(inherited)",
				);
				GCC_WARN_64_TO_32_BIT_CONVERSION = YES;
				GCC_WARN_ABOUT_RETURN_TYPE = YES_ERROR;
				GCC_WARN_UNDECLARED_SELECTOR = YES;
				GCC_WARN_UNINITIALIZED_AUTOS = YES_AGGRESSIVE;
				GCC_WARN_UNUSED_FUNCTION = YES;
				GCC_WARN_UNUSED_VARIABLE = YES;
				IPHONEOS_DEPLOYMENT_TARGET = 16.2;
				MTL_ENABLE_DEBUG_INFO = INCLUDE_SOURCE;
				MTL_FAST_MATH = YES;
				ONLY_ACTIVE_ARCH = YES;
				SDKROOT = iphoneos;
				SWIFT_ACTIVE_COMPILATION_CONDITIONS = DEBUG;
				SWIFT_OPTIMIZATION_LEVEL = "-Onone";
			};
			name = Debug;
		};
		63FC0B06297ECCCD00DE78BA /* Release */ = {
			isa = XCBuildConfiguration;
			buildSettings = {
				ALWAYS_SEARCH_USER_PATHS = NO;
				CLANG_ANALYZER_NONNULL = YES;
				CLANG_ANALYZER_NUMBER_OBJECT_CONVERSION = YES_AGGRESSIVE;
				CLANG_CXX_LANGUAGE_STANDARD = "gnu++20";
				CLANG_ENABLE_MODULES = YES;
				CLANG_ENABLE_OBJC_ARC = YES;
				CLANG_ENABLE_OBJC_WEAK = YES;
				CLANG_WARN_BLOCK_CAPTURE_AUTORELEASING = YES;
				CLANG_WARN_BOOL_CONVERSION = YES;
				CLANG_WARN_COMMA = YES;
				CLANG_WARN_CONSTANT_CONVERSION = YES;
				CLANG_WARN_DEPRECATED_OBJC_IMPLEMENTATIONS = YES;
				CLANG_WARN_DIRECT_OBJC_ISA_USAGE = YES_ERROR;
				CLANG_WARN_DOCUMENTATION_COMMENTS = YES;
				CLANG_WARN_EMPTY_BODY = YES;
				CLANG_WARN_ENUM_CONVERSION = YES;
				CLANG_WARN_INFINITE_RECURSION = YES;
				CLANG_WARN_INT_CONVERSION = YES;
				CLANG_WARN_NON_LITERAL_NULL_CONVERSION = YES;
				CLANG_WARN_OBJC_IMPLICIT_RETAIN_SELF = YES;
				CLANG_WARN_OBJC_LITERAL_CONVERSION = YES;
				CLANG_WARN_OBJC_ROOT_CLASS = YES_ERROR;
				CLANG_WARN_QUOTED_INCLUDE_IN_FRAMEWORK_HEADER = YES;
				CLANG_WARN_RANGE_LOOP_ANALYSIS = YES;
				CLANG_WARN_STRICT_PROTOTYPES = YES;
				CLANG_WARN_SUSPICIOUS_MOVE = YES;
				CLANG_WARN_UNGUARDED_AVAILABILITY = YES_AGGRESSIVE;
				CLANG_WARN_UNREACHABLE_CODE = YES;
				CLANG_WARN__DUPLICATE_METHOD_MATCH = YES;
				COPY_PHASE_STRIP = NO;
				DEBUG_INFORMATION_FORMAT = "dwarf-with-dsym";
				ENABLE_NS_ASSERTIONS = NO;
				ENABLE_STRICT_OBJC_MSGSEND = YES;
				GCC_C_LANGUAGE_STANDARD = gnu11;
				GCC_NO_COMMON_BLOCKS = YES;
				GCC_WARN_64_TO_32_BIT_CONVERSION = YES;
				GCC_WARN_ABOUT_RETURN_TYPE = YES_ERROR;
				GCC_WARN_UNDECLARED_SELECTOR = YES;
				GCC_WARN_UNINITIALIZED_AUTOS = YES_AGGRESSIVE;
				GCC_WARN_UNUSED_FUNCTION = YES;
				GCC_WARN_UNUSED_VARIABLE = YES;
				IPHONEOS_DEPLOYMENT_TARGET = 16.2;
				MTL_ENABLE_DEBUG_INFO = NO;
				MTL_FAST_MATH = YES;
				SDKROOT = iphoneos;
				SWIFT_COMPILATION_MODE = wholemodule;
				SWIFT_OPTIMIZATION_LEVEL = "-O";
				VALIDATE_PRODUCT = YES;
			};
			name = Release;
		};
		63FC0B08297ECCCD00DE78BA /* Debug */ = {
			isa = XCBuildConfiguration;
			baseConfigurationReference = C58C7C80E51CA8E206B0415A /* Pods-training.debug.xcconfig */;
			buildSettings = {
				ASSETCATALOG_COMPILER_APPICON_NAME = AppIcon;
				ASSETCATALOG_COMPILER_GLOBAL_ACCENT_COLOR_NAME = AccentColor;
				CODE_SIGN_STYLE = Automatic;
				CURRENT_PROJECT_VERSION = 1;
				DEVELOPMENT_TEAM = TLQ3VSD323;
				GENERATE_INFOPLIST_FILE = YES;
				INFOPLIST_FILE = training/Info.plist;
				INFOPLIST_KEY_UIApplicationSupportsIndirectInputEvents = YES;
				INFOPLIST_KEY_UILaunchStoryboardName = LaunchScreen;
				INFOPLIST_KEY_UISupportedInterfaceOrientations_iPad = "UIInterfaceOrientationPortrait UIInterfaceOrientationPortraitUpsideDown UIInterfaceOrientationLandscapeLeft UIInterfaceOrientationLandscapeRight";
				INFOPLIST_KEY_UISupportedInterfaceOrientations_iPhone = "UIInterfaceOrientationPortrait UIInterfaceOrientationLandscapeLeft UIInterfaceOrientationLandscapeRight";
				IPHONEOS_DEPLOYMENT_TARGET = 16.0;
				LD_RUNPATH_SEARCH_PATHS = (
					"$(inherited)",
					"@executable_path/Frameworks",
				);
				MARKETING_VERSION = 1.0;
				PRODUCT_BUNDLE_IDENTIFIER = training.training;
				PRODUCT_NAME = "$(TARGET_NAME)";
				SWIFT_EMIT_LOC_STRINGS = YES;
				SWIFT_VERSION = 5.0;
				TARGETED_DEVICE_FAMILY = "1,2";
			};
			name = Debug;
		};
		63FC0B09297ECCCD00DE78BA /* Release */ = {
			isa = XCBuildConfiguration;
			baseConfigurationReference = 3DE8E4C5D7945363A122F27E /* Pods-training.release.xcconfig */;
			buildSettings = {
				ASSETCATALOG_COMPILER_APPICON_NAME = AppIcon;
				ASSETCATALOG_COMPILER_GLOBAL_ACCENT_COLOR_NAME = AccentColor;
				CODE_SIGN_STYLE = Automatic;
				CURRENT_PROJECT_VERSION = 1;
				DEVELOPMENT_TEAM = TLQ3VSD323;
				GENERATE_INFOPLIST_FILE = YES;
				INFOPLIST_FILE = training/Info.plist;
				INFOPLIST_KEY_UIApplicationSupportsIndirectInputEvents = YES;
				INFOPLIST_KEY_UILaunchStoryboardName = LaunchScreen;
				INFOPLIST_KEY_UISupportedInterfaceOrientations_iPad = "UIInterfaceOrientationPortrait UIInterfaceOrientationPortraitUpsideDown UIInterfaceOrientationLandscapeLeft UIInterfaceOrientationLandscapeRight";
				INFOPLIST_KEY_UISupportedInterfaceOrientations_iPhone = "UIInterfaceOrientationPortrait UIInterfaceOrientationLandscapeLeft UIInterfaceOrientationLandscapeRight";
				IPHONEOS_DEPLOYMENT_TARGET = 16.0;
				LD_RUNPATH_SEARCH_PATHS = (
					"$(inherited)",
					"@executable_path/Frameworks",
				);
				MARKETING_VERSION = 1.0;
				PRODUCT_BUNDLE_IDENTIFIER = training.training;
				PRODUCT_NAME = "$(TARGET_NAME)";
				SWIFT_EMIT_LOC_STRINGS = YES;
				SWIFT_VERSION = 5.0;
				TARGETED_DEVICE_FAMILY = "1,2";
			};
			name = Release;
		};
		63FC0B0E297ECCCD00DE78BA /* Debug */ = {
			isa = XCBuildConfiguration;
			buildSettings = {
				ALWAYS_EMBED_SWIFT_STANDARD_LIBRARIES = YES;
				CODE_SIGN_STYLE = Automatic;
				CURRENT_PROJECT_VERSION = 1;
				GENERATE_INFOPLIST_FILE = YES;
				MARKETING_VERSION = 1.0;
				PRODUCT_BUNDLE_IDENTIFIER = training.trainingUITests;
				PRODUCT_NAME = "$(TARGET_NAME)";
				SWIFT_EMIT_LOC_STRINGS = NO;
				SWIFT_VERSION = 5.0;
				TARGETED_DEVICE_FAMILY = "1,2";
				TEST_TARGET_NAME = training;
			};
			name = Debug;
		};
		63FC0B0F297ECCCD00DE78BA /* Release */ = {
			isa = XCBuildConfiguration;
			buildSettings = {
				ALWAYS_EMBED_SWIFT_STANDARD_LIBRARIES = YES;
				CODE_SIGN_STYLE = Automatic;
				CURRENT_PROJECT_VERSION = 1;
				GENERATE_INFOPLIST_FILE = YES;
				MARKETING_VERSION = 1.0;
				PRODUCT_BUNDLE_IDENTIFIER = training.trainingUITests;
				PRODUCT_NAME = "$(TARGET_NAME)";
				SWIFT_EMIT_LOC_STRINGS = NO;
				SWIFT_VERSION = 5.0;
				TARGETED_DEVICE_FAMILY = "1,2";
				TEST_TARGET_NAME = training;
			};
			name = Release;
		};
/* End XCBuildConfiguration section */

/* Begin XCConfigurationList section */
		63D0CB4F298BB0E900B5DE53 /* Build configuration list for PBXNativeTarget "TrainingTests" */ = {
			isa = XCConfigurationList;
			buildConfigurations = (
				63D0CB4D298BB0E900B5DE53 /* Debug */,
				63D0CB4E298BB0E900B5DE53 /* Release */,
			);
			defaultConfigurationIsVisible = 0;
			defaultConfigurationName = Release;
		};
		63FC0AD8297ECCCB00DE78BA /* Build configuration list for PBXProject "training" */ = {
			isa = XCConfigurationList;
			buildConfigurations = (
				63FC0B05297ECCCD00DE78BA /* Debug */,
				63FC0B06297ECCCD00DE78BA /* Release */,
			);
			defaultConfigurationIsVisible = 0;
			defaultConfigurationName = Release;
		};
		63FC0B07297ECCCD00DE78BA /* Build configuration list for PBXNativeTarget "training" */ = {
			isa = XCConfigurationList;
			buildConfigurations = (
				63FC0B08297ECCCD00DE78BA /* Debug */,
				63FC0B09297ECCCD00DE78BA /* Release */,
			);
			defaultConfigurationIsVisible = 0;
			defaultConfigurationName = Release;
		};
		63FC0B0D297ECCCD00DE78BA /* Build configuration list for PBXNativeTarget "trainingUITests" */ = {
			isa = XCConfigurationList;
			buildConfigurations = (
				63FC0B0E297ECCCD00DE78BA /* Debug */,
				63FC0B0F297ECCCD00DE78BA /* Release */,
			);
			defaultConfigurationIsVisible = 0;
			defaultConfigurationName = Release;
		};
/* End XCConfigurationList section */

/* Begin XCRemoteSwiftPackageReference section */
		63BAB14D2982DC3700EEE949 /* XCRemoteSwiftPackageReference "Swinject" */ = {
			isa = XCRemoteSwiftPackageReference;
			repositoryURL = "https://github.com/Swinject/Swinject";
			requirement = {
				kind = upToNextMajorVersion;
				minimumVersion = 2.0.0;
			};
		};
		63FC0B1C297EE54900DE78BA /* XCRemoteSwiftPackageReference "SDWebImage" */ = {
			isa = XCRemoteSwiftPackageReference;
			repositoryURL = "https://github.com/SDWebImage/SDWebImage.git";
			requirement = {
				kind = upToNextMajorVersion;
				minimumVersion = 5.0.0;
			};
		};
/* End XCRemoteSwiftPackageReference section */

/* Begin XCSwiftPackageProductDependency section */
		6324FDED298BB83D007F1081 /* SDWebImage */ = {
			isa = XCSwiftPackageProductDependency;
			package = 63FC0B1C297EE54900DE78BA /* XCRemoteSwiftPackageReference "SDWebImage" */;
			productName = SDWebImage;
		};
		6324FDEF298BB843007F1081 /* Swinject */ = {
			isa = XCSwiftPackageProductDependency;
			package = 63BAB14D2982DC3700EEE949 /* XCRemoteSwiftPackageReference "Swinject" */;
			productName = Swinject;
		};
		63BAB14E2982DC3700EEE949 /* Swinject */ = {
			isa = XCSwiftPackageProductDependency;
			package = 63BAB14D2982DC3700EEE949 /* XCRemoteSwiftPackageReference "Swinject" */;
			productName = Swinject;
		};
		63FC0B1D297EE54900DE78BA /* SDWebImage */ = {
			isa = XCSwiftPackageProductDependency;
			package = 63FC0B1C297EE54900DE78BA /* XCRemoteSwiftPackageReference "SDWebImage" */;
			productName = SDWebImage;
		};
/* End XCSwiftPackageProductDependency section */
	};
	rootObject = 63FC0AD5297ECCCB00DE78BA /* Project object */;
}
